Microsoft Visual Studio Solution File, Format Version 12.00
# Visual Studio Version 17
VisualStudioVersion = 17.0.31903.59
MinimumVisualStudioVersion = 10.0.40219.1
Project("{2150E333-8FDC-42A3-9474-1A3956D46DE8}") = "src", "src", "{9C93C9B0-F173-456D-AD30-751731192FF0}"
EndProject
Project("{2150E333-8FDC-42A3-9474-1A3956D46DE8}") = "tests", "tests", "{409FDDB1-07E1-40F7-AB83-2CDF7837AD4C}"
EndProject
Project("{2150E333-8FDC-42A3-9474-1A3956D46DE8}") = "samples", "samples", "{A364F5DC-F0C9-483E-BDE8-CB15530BDD4B}"
EndProject
Project("{FAE04EC0-301F-11D3-BF4B-00C04F79EFBC}") = "Godot", "src\Godot\Godot.csproj", "{462F04E7-4159-4CAD-A046-9B6ED2D27417}"
EndProject
Project("{FAE04EC0-301F-11D3-BF4B-00C04F79EFBC}") = "Godot.BindingsGenerator", "src\Godot.BindingsGenerator\Godot.BindingsGenerator.csproj", "{ED353C18-C744-441A-8E76-C6A6375A1AF1}"
EndProject
Project("{FAE04EC0-301F-11D3-BF4B-00C04F79EFBC}") = "Godot.BindingsGenerator.ApiDump", "src\Godot.BindingsGenerator.ApiDump\Godot.BindingsGenerator.ApiDump.csproj", "{BE17DC5E-E913-4135-A992-99600D4036C8}"
EndProject
Project("{FAE04EC0-301F-11D3-BF4B-00C04F79EFBC}") = "Godot.BindingsGenerator.Reflection", "src\Godot.BindingsGenerator.Reflection\Godot.BindingsGenerator.Reflection.csproj", "{5500C1BD-81B2-4CD9-A530-67AE8FCDC6A2}"
EndProject
Project("{FAE04EC0-301F-11D3-BF4B-00C04F79EFBC}") = "Godot.Bindings", "src\Godot.Bindings\Godot.Bindings.csproj", "{3916AEB4-BE8A-413C-8369-440ADA87E119}"
EndProject
Project("{FAE04EC0-301F-11D3-BF4B-00C04F79EFBC}") = "Godot.SourceGenerators", "src\Godot.SourceGenerators\Godot.SourceGenerators.csproj", "{E90FA2F5-90B5-4A70-AB9D-18ED4CD08E81}"
EndProject
Project("{FAE04EC0-301F-11D3-BF4B-00C04F79EFBC}") = "Godot.BindingsGenerator.Tests", "tests\Godot.BindingsGenerator.Tests\Godot.BindingsGenerator.Tests.csproj", "{565D82E3-9327-4065-BE7D-533D84EB6036}"
EndProject
Project("{FAE04EC0-301F-11D3-BF4B-00C04F79EFBC}") = "Godot.Bindings.Tests", "tests\Godot.Bindings.Tests\Godot.Bindings.Tests.csproj", "{9E69D61E-3392-4432-BADA-B7B15CF86017}"
EndProject
Project("{FAE04EC0-301F-11D3-BF4B-00C04F79EFBC}") = "Godot.SourceGenerators.Tests", "tests\Godot.SourceGenerators.Tests\Godot.SourceGenerators.Tests.csproj", "{B63C79A4-5FBA-4E7B-A2E5-69868CCC2DE0}"
EndProject
Project("{FAE04EC0-301F-11D3-BF4B-00C04F79EFBC}") = "Summator", "samples\Summator\Extension\Summator.csproj", "{05512C29-BA94-4657-B92A-A31707F5AD20}"
EndProject
Global
	GlobalSection(SolutionConfigurationPlatforms) = preSolution
		Debug|Any CPU = Debug|Any CPU
		Release|Any CPU = Release|Any CPU
	EndGlobalSection
	GlobalSection(ProjectConfigurationPlatforms) = postSolution
		{462F04E7-4159-4CAD-A046-9B6ED2D27417}.Debug|Any CPU.ActiveCfg = Debug|Any CPU
		{462F04E7-4159-4CAD-A046-9B6ED2D27417}.Debug|Any CPU.Build.0 = Debug|Any CPU
		{462F04E7-4159-4CAD-A046-9B6ED2D27417}.Release|Any CPU.ActiveCfg = Release|Any CPU
		{462F04E7-4159-4CAD-A046-9B6ED2D27417}.Release|Any CPU.Build.0 = Release|Any CPU
		{ED353C18-C744-441A-8E76-C6A6375A1AF1}.Debug|Any CPU.ActiveCfg = Debug|Any CPU
		{ED353C18-C744-441A-8E76-C6A6375A1AF1}.Debug|Any CPU.Build.0 = Debug|Any CPU
		{ED353C18-C744-441A-8E76-C6A6375A1AF1}.Release|Any CPU.ActiveCfg = Release|Any CPU
		{ED353C18-C744-441A-8E76-C6A6375A1AF1}.Release|Any CPU.Build.0 = Release|Any CPU
		{BE17DC5E-E913-4135-A992-99600D4036C8}.Debug|Any CPU.ActiveCfg = Debug|Any CPU
		{BE17DC5E-E913-4135-A992-99600D4036C8}.Debug|Any CPU.Build.0 = Debug|Any CPU
		{BE17DC5E-E913-4135-A992-99600D4036C8}.Release|Any CPU.ActiveCfg = Release|Any CPU
		{BE17DC5E-E913-4135-A992-99600D4036C8}.Release|Any CPU.Build.0 = Release|Any CPU
		{5500C1BD-81B2-4CD9-A530-67AE8FCDC6A2}.Debug|Any CPU.ActiveCfg = Debug|Any CPU
		{5500C1BD-81B2-4CD9-A530-67AE8FCDC6A2}.Debug|Any CPU.Build.0 = Debug|Any CPU
		{5500C1BD-81B2-4CD9-A530-67AE8FCDC6A2}.Release|Any CPU.ActiveCfg = Release|Any CPU
		{5500C1BD-81B2-4CD9-A530-67AE8FCDC6A2}.Release|Any CPU.Build.0 = Release|Any CPU
		{3916AEB4-BE8A-413C-8369-440ADA87E119}.Debug|Any CPU.ActiveCfg = Debug|Any CPU
		{3916AEB4-BE8A-413C-8369-440ADA87E119}.Debug|Any CPU.Build.0 = Debug|Any CPU
		{3916AEB4-BE8A-413C-8369-440ADA87E119}.Release|Any CPU.ActiveCfg = Release|Any CPU
		{3916AEB4-BE8A-413C-8369-440ADA87E119}.Release|Any CPU.Build.0 = Release|Any CPU
		{E90FA2F5-90B5-4A70-AB9D-18ED4CD08E81}.Debug|Any CPU.ActiveCfg = Debug|Any CPU
		{E90FA2F5-90B5-4A70-AB9D-18ED4CD08E81}.Debug|Any CPU.Build.0 = Debug|Any CPU
		{E90FA2F5-90B5-4A70-AB9D-18ED4CD08E81}.Release|Any CPU.ActiveCfg = Release|Any CPU
		{E90FA2F5-90B5-4A70-AB9D-18ED4CD08E81}.Release|Any CPU.Build.0 = Release|Any CPU
		{565D82E3-9327-4065-BE7D-533D84EB6036}.Debug|Any CPU.ActiveCfg = Debug|Any CPU
		{565D82E3-9327-4065-BE7D-533D84EB6036}.Debug|Any CPU.Build.0 = Debug|Any CPU
		{565D82E3-9327-4065-BE7D-533D84EB6036}.Release|Any CPU.ActiveCfg = Release|Any CPU
		{565D82E3-9327-4065-BE7D-533D84EB6036}.Release|Any CPU.Build.0 = Release|Any CPU
		{9E69D61E-3392-4432-BADA-B7B15CF86017}.Debug|Any CPU.ActiveCfg = Debug|Any CPU
		{9E69D61E-3392-4432-BADA-B7B15CF86017}.Debug|Any CPU.Build.0 = Debug|Any CPU
		{9E69D61E-3392-4432-BADA-B7B15CF86017}.Release|Any CPU.ActiveCfg = Release|Any CPU
		{9E69D61E-3392-4432-BADA-B7B15CF86017}.Release|Any CPU.Build.0 = Release|Any CPU
		{B63C79A4-5FBA-4E7B-A2E5-69868CCC2DE0}.Debug|Any CPU.ActiveCfg = Debug|Any CPU
		{B63C79A4-5FBA-4E7B-A2E5-69868CCC2DE0}.Debug|Any CPU.Build.0 = Debug|Any CPU
		{B63C79A4-5FBA-4E7B-A2E5-69868CCC2DE0}.Release|Any CPU.ActiveCfg = Release|Any CPU
		{B63C79A4-5FBA-4E7B-A2E5-69868CCC2DE0}.Release|Any CPU.Build.0 = Release|Any CPU
		{05512C29-BA94-4657-B92A-A31707F5AD20}.Debug|Any CPU.ActiveCfg = Debug|Any CPU
		{05512C29-BA94-4657-B92A-A31707F5AD20}.Debug|Any CPU.Build.0 = Debug|Any CPU
		{05512C29-BA94-4657-B92A-A31707F5AD20}.Release|Any CPU.ActiveCfg = Release|Any CPU
		{05512C29-BA94-4657-B92A-A31707F5AD20}.Release|Any CPU.Build.0 = Release|Any CPU
	EndGlobalSection
	GlobalSection(SolutionProperties) = preSolution
		HideSolutionNode = FALSE
	EndGlobalSection
	GlobalSection(NestedProjects) = preSolution
		{462F04E7-4159-4CAD-A046-9B6ED2D27417} = {9C93C9B0-F173-456D-AD30-751731192FF0}
		{ED353C18-C744-441A-8E76-C6A6375A1AF1} = {9C93C9B0-F173-456D-AD30-751731192FF0}
		{BE17DC5E-E913-4135-A992-99600D4036C8} = {9C93C9B0-F173-456D-AD30-751731192FF0}
		{5500C1BD-81B2-4CD9-A530-67AE8FCDC6A2} = {9C93C9B0-F173-456D-AD30-751731192FF0}
		{3916AEB4-BE8A-413C-8369-440ADA87E119} = {9C93C9B0-F173-456D-AD30-751731192FF0}
		{E90FA2F5-90B5-4A70-AB9D-18ED4CD08E81} = {9C93C9B0-F173-456D-AD30-751731192FF0}
		{565D82E3-9327-4065-BE7D-533D84EB6036} = {409FDDB1-07E1-40F7-AB83-2CDF7837AD4C}
		{9E69D61E-3392-4432-BADA-B7B15CF86017} = {409FDDB1-07E1-40F7-AB83-2CDF7837AD4C}
		{B63C79A4-5FBA-4E7B-A2E5-69868CCC2DE0} = {409FDDB1-07E1-40F7-AB83-2CDF7837AD4C}
		{05512C29-BA94-4657-B92A-A31707F5AD20} = {A364F5DC-F0C9-483E-BDE8-CB15530BDD4B}
	EndGlobalSection
EndGlobal
